
Microsoft Visual Studio Solution File, Format Version 12.00
# Visual Studio Version 17
VisualStudioVersion = 17.14.36623.8
MinimumVisualStudioVersion = 10.0.40219.1
Project("{2150E333-8FDC-42A3-9474-1A3956D46DE8}") = "Chapter00", "Chapter00", "{DDB4EF12-CC4E-5E88-E6FC-71A802F4DE97}"
EndProject
Project("{FAE04EC0-301F-11D3-BF4B-00C04F79EFBC}") = "Sample0416", "Chapter00\Sample0416\Sample0416.csproj", "{63847CBF-7476-4C99-B9EA-86D283958B81}"
EndProject
Project("{FAE04EC0-301F-11D3-BF4B-00C04F79EFBC}") = "Sample0413", "Chapter00\Sample0413\Sample0413\Sample0413.csproj", "{EB11C1AF-3BBE-9D8B-B13B-CEF382F22312}"
EndProject
Project("{FAE04EC0-301F-11D3-BF4B-00C04F79EFBC}") = "Sample0415", "Chapter00\Sample0415\Sample0415\Sample0415.csproj", "{D0F00D84-AD20-C5D6-67FE-85D6CB59A7CE}"
EndProject
Project("{2150E333-8FDC-42A3-9474-1A3956D46DE8}") = "Chapter01", "Chapter01", "{30480D37-500D-44DE-9E3E-8CF30AA0B6E3}"
EndProject
Project("{2150E333-8FDC-42A3-9474-1A3956D46DE8}") = "Chapter02", "Chapter02", "{3F204DCB-DE19-47B9-8C77-4C46B42D8AAC}"
EndProject
Project("{2150E333-8FDC-42A3-9474-1A3956D46DE8}") = "距離換算プログラム", "距離換算プログラム", "{D830F782-12C5-4C4D-9E63-9C88A69275EC}"
EndProject
Project("{FAE04EC0-301F-11D3-BF4B-00C04F79EFBC}") = "DistanceConverter", "Chapter02\距離換算プログラム\DistanceConverter\DistanceConverter.csproj", "{EB8B5655-9F86-41FA-91EF-75D1D1C080D8}"
EndProject
Project("{2150E333-8FDC-42A3-9474-1A3956D46DE8}") = "Chapter04", "Chapter04", "{D2FA0BFA-5BB2-4DB9-9AFF-97A70D5A900E}"
EndProject
Project("{2150E333-8FDC-42A3-9474-1A3956D46DE8}") = "P108_文字列を数値に変換する", "P108_文字列を数値に変換する", "{4AAC88BC-9A55-491A-9271-500A09231B8F}"
EndProject
Project("{FAE04EC0-301F-11D3-BF4B-00C04F79EFBC}") = "Code4_36", "Chapter04\P108_文字列を数値に変換する\Code4_36\Code4_36.csproj", "{236C29DB-FF10-45EF-9849-9D703633413E}"
EndProject
Project("{2150E333-8FDC-42A3-9474-1A3956D46DE8}") = "売り上げ集計プログラム", "売り上げ集計プログラム", "{E93C31BD-A561-4E65-9060-4ED1B7AAF23E}"
EndProject
Project("{FAE04EC0-301F-11D3-BF4B-00C04F79EFBC}") = "SalesCalculator", "Chapter02\売り上げ集計プログラム\SalesCalculator\SalesCalculator.csproj", "{DCF1FBC5-7BF6-40B9-857A-ECD52A335FC9}"
EndProject
Project("{2150E333-8FDC-42A3-9474-1A3956D46DE8}") = "演習問題", "演習問題", "{7094D8A8-C6A7-4C12-B565-D3476D654F13}"
EndProject
Project("{FAE04EC0-301F-11D3-BF4B-00C04F79EFBC}") = "Exercise01", "Chapter02\演習問題\Exercise01\Exercise01.csproj", "{1244F636-AD14-4167-8B57-E71D0CC6E6D2}"
EndProject
Project("{FAE04EC0-301F-11D3-BF4B-00C04F79EFBC}") = "Exercise02", "Chapter02\演習問題\Exercise02\Exercise02.csproj", "{76859EC7-4832-4C17-9CA4-E7DD1C9230C3}"
EndProject
Project("{2150E333-8FDC-42A3-9474-1A3956D46DE8}") = "Chapter03", "Chapter03", "{10B6E12B-C915-4111-9695-105540A0BD3B}"
EndProject
Project("{2150E333-8FDC-42A3-9474-1A3956D46DE8}") = "ラムダ式とLINQ", "ラムダ式とLINQ", "{DE1198DD-FB18-4D4E-B811-033D8BDD74F2}"
EndProject
Project("{FAE04EC0-301F-11D3-BF4B-00C04F79EFBC}") = "Section01", "Chapter03\ラムダ式LINQ\Section01\Section01.csproj", "{31B9868B-9BA5-4511-88AE-A2DAB2FC217D}"
EndProject
Project("{2150E333-8FDC-42A3-9474-1A3956D46DE8}") = "演習問題", "演習問題", "{A971867D-1938-4753-9A74-C6E6FCAA4463}"
EndProject
Project("{FAE04EC0-301F-11D3-BF4B-00C04F79EFBC}") = "Exercise01", "Chapter03\演習問題\Exercise01\Exercise01.csproj", "{AFFF67E9-7AD0-9E21-612E-3E7843A6226A}"
EndProject
Project("{FAE04EC0-301F-11D3-BF4B-00C04F79EFBC}") = "Section04", "Chapter03\ラムダ式とLINQ\Section04\Section04.csproj", "{593D473D-6DC2-66C1-6204-0F54E4617145}"
EndProject
Project("{FAE04EC0-301F-11D3-BF4B-00C04F79EFBC}") = "Exercise02", "Chapter03\演習問題\Exercise02\Exercise02.csproj", "{9661600F-9E2E-EC39-AFA2-64DBC15CE967}"
EndProject
Project("{2150E333-8FDC-42A3-9474-1A3956D46DE8}") = "P098_nullに関するイディオム", "P098_nullに関するイディオム", "{982C02A7-0A7E-4700-95F0-1E9ECDD991C4}"
EndProject
Project("{FAE04EC0-301F-11D3-BF4B-00C04F79EFBC}") = "Section04", "Chapter04\P098_nullに関するイディオム\Section04\Section04.csproj", "{16DEF846-6B44-4514-BB79-E1B3C32F4BB4}"
EndProject
Project("{2150E333-8FDC-42A3-9474-1A3956D46DE8}") = "演習問題", "演習問題", "{78844BA1-F38D-42AB-BA4B-FB32B280B815}"
EndProject
Project("{FAE04EC0-301F-11D3-BF4B-00C04F79EFBC}") = "Exercise01", "Chapter04\演習問題\Exercise01\Exercise01.csproj", "{2E7C2609-D5A7-46D1-92AA-2D9C78B87025}"
EndProject
Project("{FAE04EC0-301F-11D3-BF4B-00C04F79EFBC}") = "Exercise02", "Chapter04\演習問題\Exercise02\Exercise02\Exercise02.csproj", "{A6397A64-9AEA-C976-C282-F05046F2AA1C}"
EndProject
Project("{2150E333-8FDC-42A3-9474-1A3956D46DE8}") = "Chapter05", "Chapter05", "{95512C2A-2A33-477D-8810-358FA076A72F}"
EndProject
Project("{2150E333-8FDC-42A3-9474-1A3956D46DE8}") = "プロパティに関するイディオム", "プロパティに関するイディオム", "{BFC0A91A-0200-4149-A5F0-F25D901D6A72}"
EndProject
Project("{FAE04EC0-301F-11D3-BF4B-00C04F79EFBC}") = "Section01", "Chapter05\プロパティに関するイディオム\Section01\Section01.csproj", "{185F8BEF-1B85-4685-8B7D-DB7C935F0707}"
EndProject
Project("{2150E333-8FDC-42A3-9474-1A3956D46DE8}") = "メソッドに関するイディオム", "メソッドに関するイディオム", "{09B713FF-13FE-4B8B-A792-8922D1C53AB5}"
EndProject
Project("{FAE04EC0-301F-11D3-BF4B-00C04F79EFBC}") = "Section02", "Chapter05\メソッドに関するイディオム\Section02\Section02.csproj", "{03FCE5A3-E706-4F9F-A64C-7CE9A458B0B3}"
EndProject
Project("{2150E333-8FDC-42A3-9474-1A3956D46DE8}") = "演習問題", "演習問題", "{16446A14-2973-4182-B594-9BF5910CE279}"
EndProject
Project("{FAE04EC0-301F-11D3-BF4B-00C04F79EFBC}") = "Exercise01", "Chapter05\演習問題\Exercise01\Exercise01.csproj", "{62696BD7-B05D-4B2E-B71F-18624040509B}"
EndProject
Project("{FAE04EC0-301F-11D3-BF4B-00C04F79EFBC}") = "Exercise02", "Chapter05\演習問題\Exercise02\Exercise02.csproj", "{A3ACA33D-6226-7668-2993-2FC9EA8C783B}"
EndProject
Project("{FAE04EC0-301F-11D3-BF4B-00C04F79EFBC}") = "Exercise03", "Chapter05\演習問題\Exercise03\Exercise03.csproj", "{686ED6B4-7854-48A3-9078-63187D0B8601}"
EndProject
Project("{2150E333-8FDC-42A3-9474-1A3956D46DE8}") = "Chapter06", "Chapter06", "{AE0C2D91-94B5-4D19-84C8-FB4701A12A55}"
EndProject
Project("{2150E333-8FDC-42A3-9474-1A3956D46DE8}") = "文字列の比較", "文字列の比較", "{3CD015BF-9389-4C99-8595-5FD38E5011E6}"
EndProject
Project("{FAE04EC0-301F-11D3-BF4B-00C04F79EFBC}") = "Section01", "Chapter06\文字列の比較\Section01\Section01.csproj", "{B7A5B799-1650-49C3-9F61-BA5EB1C5991A}"
EndProject
Project("{2150E333-8FDC-42A3-9474-1A3956D46DE8}") = "演習問題", "演習問題", "{9239EC4B-DBF8-4F7A-980B-C85DD8D644EA}"
EndProject
Project("{FAE04EC0-301F-11D3-BF4B-00C04F79EFBC}") = "Exercise01", "Chapter06\演習問題\Exercise01\Exercise01.csproj", "{794CF009-33FD-4F83-B2B6-D8416F1DB364}"
EndProject
Project("{FAE04EC0-301F-11D3-BF4B-00C04F79EFBC}") = "Exercise02", "Chapter06\演習問題\Exercise02\Exercise02.csproj", "{7FB19671-5C2E-4D51-ACEF-199F6CA220D2}"
EndProject
Project("{FAE04EC0-301F-11D3-BF4B-00C04F79EFBC}") = "Exercise03", "Chapter06\演習問題\Exercise03\Exercise03.csproj", "{766DC129-B7E6-6BE5-67FF-02794A6C9D6A}"
EndProject
Project("{2150E333-8FDC-42A3-9474-1A3956D46DE8}") = "文字列の連結と分割", "文字列の連結と分割", "{4E44E975-95B6-4B51-A5C1-1358BCB78163}"
EndProject
Project("{FAE04EC0-301F-11D3-BF4B-00C04F79EFBC}") = "Section05", "Chapter06\文字列の連結と分割\Section05\Section05.csproj", "{D1F7698F-3936-4ED7-AC1C-2C779625B867}"
EndProject
Project("{FAE04EC0-301F-11D3-BF4B-00C04F79EFBC}") = "Exercise04", "Chapter06\演習問題\Exercise04\Exercise04.csproj", "{8758FBDB-9295-0DA5-31B6-DA01667F06FB}"
EndProject
Project("{2150E333-8FDC-42A3-9474-1A3956D46DE8}") = "Chapter07", "Chapter07", "{F4EFCF61-9DEF-4F42-9368-5FAB95A8FDF0}"
EndProject
Project("{2150E333-8FDC-42A3-9474-1A3956D46DE8}") = "演習問題", "演習問題", "{3DBB2C92-0F85-4C67-85FB-1510934655DD}"
EndProject
Project("{FAE04EC0-301F-11D3-BF4B-00C04F79EFBC}") = "Section01", "Chapter07\Section01\Section01.csproj", "{A498685E-2DFE-47DF-88B5-6E189B476BE0}"
EndProject
Project("{FAE04EC0-301F-11D3-BF4B-00C04F79EFBC}") = "Exercise01", "Chapter07\演習問題\Exercise01\Exercise01.csproj", "{EC7A65CF-B549-4BD9-B76D-EFB94789D62D}"
EndProject
Project("{FAE04EC0-301F-11D3-BF4B-00C04F79EFBC}") = "Exercise02", "Chapter07\演習問題\Exercise02\Exercise02.csproj", "{09D01F2D-A9C1-7ADF-ACF0-6CE8655624B3}"
EndProject
Project("{2150E333-8FDC-42A3-9474-1A3956D46DE8}") = "TestProject", "TestProject", "{12ACE20D-A815-4E25-8DF6-2AC0611D4E25}"
EndProject
Project("{FAE04EC0-301F-11D3-BF4B-00C04F79EFBC}") = "Test01_01", "TestProject\Test01_01\Test01_01.csproj", "{B8441293-5D7D-B752-6216-4C5005BF772D}"
EndProject
Project("{FAE04EC0-301F-11D3-BF4B-00C04F79EFBC}") = "Test01_02", "TestProject\Test01_02\Test01_02.csproj", "{D7F347E4-C87C-CC1A-89F8-6D28A7CCB4B3}"
EndProject
Project("{2150E333-8FDC-42A3-9474-1A3956D46DE8}") = "Chapter08", "Chapter08", "{F1C035EB-A255-4CA4-AF3E-D5182735717B}"
EndProject
Project("{FAE04EC0-301F-11D3-BF4B-00C04F79EFBC}") = "Section01", "Chapter08\Section01\Section01.csproj", "{538D1FD4-FF4A-45F3-B9F0-80E9853EF0E3}"
EndProject
Project("{FAE04EC0-301F-11D3-BF4B-00C04F79EFBC}") = "Section02", "Chapter08\Section02\Section02.csproj", "{8052399B-3EE8-4BEB-A133-34F15BABAF3D}"
EndProject
Project("{FAE04EC0-301F-11D3-BF4B-00C04F79EFBC}") = "Section03", "Chapter08\Section03\Section03.csproj", "{5F385CB2-0C05-4AE0-9B8A-FE546EDE95A0}"
EndProject
Project("{2150E333-8FDC-42A3-9474-1A3956D46DE8}") = "演習問題", "演習問題", "{4F888FDD-5E38-4174-A496-79088625231A}"
EndProject
Project("{FAE04EC0-301F-11D3-BF4B-00C04F79EFBC}") = "Exercise01", "Chapter08\演習問題\Exercise01\Exercise01.csproj", "{8A2F5165-A62B-492C-B31D-B10EE36003B0}"
EndProject
Global
	GlobalSection(SolutionConfigurationPlatforms) = preSolution
		Debug|Any CPU = Debug|Any CPU
		Release|Any CPU = Release|Any CPU
	EndGlobalSection
	GlobalSection(ProjectConfigurationPlatforms) = postSolution
		{63847CBF-7476-4C99-B9EA-86D283958B81}.Debug|Any CPU.ActiveCfg = Debug|Any CPU
		{63847CBF-7476-4C99-B9EA-86D283958B81}.Debug|Any CPU.Build.0 = Debug|Any CPU
		{63847CBF-7476-4C99-B9EA-86D283958B81}.Release|Any CPU.ActiveCfg = Release|Any CPU
		{63847CBF-7476-4C99-B9EA-86D283958B81}.Release|Any CPU.Build.0 = Release|Any CPU
		{EB11C1AF-3BBE-9D8B-B13B-CEF382F22312}.Debug|Any CPU.ActiveCfg = Debug|Any CPU
		{EB11C1AF-3BBE-9D8B-B13B-CEF382F22312}.Debug|Any CPU.Build.0 = Debug|Any CPU
		{EB11C1AF-3BBE-9D8B-B13B-CEF382F22312}.Release|Any CPU.ActiveCfg = Release|Any CPU
		{EB11C1AF-3BBE-9D8B-B13B-CEF382F22312}.Release|Any CPU.Build.0 = Release|Any CPU
		{D0F00D84-AD20-C5D6-67FE-85D6CB59A7CE}.Debug|Any CPU.ActiveCfg = Debug|Any CPU
		{D0F00D84-AD20-C5D6-67FE-85D6CB59A7CE}.Debug|Any CPU.Build.0 = Debug|Any CPU
		{D0F00D84-AD20-C5D6-67FE-85D6CB59A7CE}.Release|Any CPU.ActiveCfg = Release|Any CPU
		{D0F00D84-AD20-C5D6-67FE-85D6CB59A7CE}.Release|Any CPU.Build.0 = Release|Any CPU
		{EB8B5655-9F86-41FA-91EF-75D1D1C080D8}.Debug|Any CPU.ActiveCfg = Debug|Any CPU
		{EB8B5655-9F86-41FA-91EF-75D1D1C080D8}.Debug|Any CPU.Build.0 = Debug|Any CPU
		{EB8B5655-9F86-41FA-91EF-75D1D1C080D8}.Release|Any CPU.ActiveCfg = Release|Any CPU
		{EB8B5655-9F86-41FA-91EF-75D1D1C080D8}.Release|Any CPU.Build.0 = Release|Any CPU
		{236C29DB-FF10-45EF-9849-9D703633413E}.Debug|Any CPU.ActiveCfg = Debug|Any CPU
		{236C29DB-FF10-45EF-9849-9D703633413E}.Debug|Any CPU.Build.0 = Debug|Any CPU
		{236C29DB-FF10-45EF-9849-9D703633413E}.Release|Any CPU.ActiveCfg = Release|Any CPU
		{236C29DB-FF10-45EF-9849-9D703633413E}.Release|Any CPU.Build.0 = Release|Any CPU
		{DCF1FBC5-7BF6-40B9-857A-ECD52A335FC9}.Debug|Any CPU.ActiveCfg = Debug|Any CPU
		{DCF1FBC5-7BF6-40B9-857A-ECD52A335FC9}.Debug|Any CPU.Build.0 = Debug|Any CPU
		{DCF1FBC5-7BF6-40B9-857A-ECD52A335FC9}.Release|Any CPU.ActiveCfg = Release|Any CPU
		{DCF1FBC5-7BF6-40B9-857A-ECD52A335FC9}.Release|Any CPU.Build.0 = Release|Any CPU
		{1244F636-AD14-4167-8B57-E71D0CC6E6D2}.Debug|Any CPU.ActiveCfg = Debug|Any CPU
		{1244F636-AD14-4167-8B57-E71D0CC6E6D2}.Debug|Any CPU.Build.0 = Debug|Any CPU
		{1244F636-AD14-4167-8B57-E71D0CC6E6D2}.Release|Any CPU.ActiveCfg = Release|Any CPU
		{1244F636-AD14-4167-8B57-E71D0CC6E6D2}.Release|Any CPU.Build.0 = Release|Any CPU
		{76859EC7-4832-4C17-9CA4-E7DD1C9230C3}.Debug|Any CPU.ActiveCfg = Debug|Any CPU
		{76859EC7-4832-4C17-9CA4-E7DD1C9230C3}.Debug|Any CPU.Build.0 = Debug|Any CPU
		{76859EC7-4832-4C17-9CA4-E7DD1C9230C3}.Release|Any CPU.ActiveCfg = Release|Any CPU
		{76859EC7-4832-4C17-9CA4-E7DD1C9230C3}.Release|Any CPU.Build.0 = Release|Any CPU
		{31B9868B-9BA5-4511-88AE-A2DAB2FC217D}.Debug|Any CPU.ActiveCfg = Debug|Any CPU
		{31B9868B-9BA5-4511-88AE-A2DAB2FC217D}.Debug|Any CPU.Build.0 = Debug|Any CPU
		{31B9868B-9BA5-4511-88AE-A2DAB2FC217D}.Release|Any CPU.ActiveCfg = Release|Any CPU
		{31B9868B-9BA5-4511-88AE-A2DAB2FC217D}.Release|Any CPU.Build.0 = Release|Any CPU
		{AFFF67E9-7AD0-9E21-612E-3E7843A6226A}.Debug|Any CPU.ActiveCfg = Debug|Any CPU
		{AFFF67E9-7AD0-9E21-612E-3E7843A6226A}.Debug|Any CPU.Build.0 = Debug|Any CPU
		{AFFF67E9-7AD0-9E21-612E-3E7843A6226A}.Release|Any CPU.ActiveCfg = Release|Any CPU
		{AFFF67E9-7AD0-9E21-612E-3E7843A6226A}.Release|Any CPU.Build.0 = Release|Any CPU
		{593D473D-6DC2-66C1-6204-0F54E4617145}.Debug|Any CPU.ActiveCfg = Debug|Any CPU
		{593D473D-6DC2-66C1-6204-0F54E4617145}.Debug|Any CPU.Build.0 = Debug|Any CPU
		{593D473D-6DC2-66C1-6204-0F54E4617145}.Release|Any CPU.ActiveCfg = Release|Any CPU
		{593D473D-6DC2-66C1-6204-0F54E4617145}.Release|Any CPU.Build.0 = Release|Any CPU
		{9661600F-9E2E-EC39-AFA2-64DBC15CE967}.Debug|Any CPU.ActiveCfg = Debug|Any CPU
		{9661600F-9E2E-EC39-AFA2-64DBC15CE967}.Debug|Any CPU.Build.0 = Debug|Any CPU
		{9661600F-9E2E-EC39-AFA2-64DBC15CE967}.Release|Any CPU.ActiveCfg = Release|Any CPU
		{9661600F-9E2E-EC39-AFA2-64DBC15CE967}.Release|Any CPU.Build.0 = Release|Any CPU
		{16DEF846-6B44-4514-BB79-E1B3C32F4BB4}.Debug|Any CPU.ActiveCfg = Debug|Any CPU
		{16DEF846-6B44-4514-BB79-E1B3C32F4BB4}.Debug|Any CPU.Build.0 = Debug|Any CPU
		{16DEF846-6B44-4514-BB79-E1B3C32F4BB4}.Release|Any CPU.ActiveCfg = Release|Any CPU
		{16DEF846-6B44-4514-BB79-E1B3C32F4BB4}.Release|Any CPU.Build.0 = Release|Any CPU
		{2E7C2609-D5A7-46D1-92AA-2D9C78B87025}.Debug|Any CPU.ActiveCfg = Debug|Any CPU
		{2E7C2609-D5A7-46D1-92AA-2D9C78B87025}.Debug|Any CPU.Build.0 = Debug|Any CPU
		{2E7C2609-D5A7-46D1-92AA-2D9C78B87025}.Release|Any CPU.ActiveCfg = Release|Any CPU
		{2E7C2609-D5A7-46D1-92AA-2D9C78B87025}.Release|Any CPU.Build.0 = Release|Any CPU
		{A6397A64-9AEA-C976-C282-F05046F2AA1C}.Debug|Any CPU.ActiveCfg = Debug|Any CPU
		{A6397A64-9AEA-C976-C282-F05046F2AA1C}.Debug|Any CPU.Build.0 = Debug|Any CPU
		{A6397A64-9AEA-C976-C282-F05046F2AA1C}.Release|Any CPU.ActiveCfg = Release|Any CPU
		{A6397A64-9AEA-C976-C282-F05046F2AA1C}.Release|Any CPU.Build.0 = Release|Any CPU
		{185F8BEF-1B85-4685-8B7D-DB7C935F0707}.Debug|Any CPU.ActiveCfg = Debug|Any CPU
		{185F8BEF-1B85-4685-8B7D-DB7C935F0707}.Debug|Any CPU.Build.0 = Debug|Any CPU
		{185F8BEF-1B85-4685-8B7D-DB7C935F0707}.Release|Any CPU.ActiveCfg = Release|Any CPU
		{185F8BEF-1B85-4685-8B7D-DB7C935F0707}.Release|Any CPU.Build.0 = Release|Any CPU
		{03FCE5A3-E706-4F9F-A64C-7CE9A458B0B3}.Debug|Any CPU.ActiveCfg = Debug|Any CPU
		{03FCE5A3-E706-4F9F-A64C-7CE9A458B0B3}.Debug|Any CPU.Build.0 = Debug|Any CPU
		{03FCE5A3-E706-4F9F-A64C-7CE9A458B0B3}.Release|Any CPU.ActiveCfg = Release|Any CPU
		{03FCE5A3-E706-4F9F-A64C-7CE9A458B0B3}.Release|Any CPU.Build.0 = Release|Any CPU
		{62696BD7-B05D-4B2E-B71F-18624040509B}.Debug|Any CPU.ActiveCfg = Debug|Any CPU
		{62696BD7-B05D-4B2E-B71F-18624040509B}.Debug|Any CPU.Build.0 = Debug|Any CPU
		{62696BD7-B05D-4B2E-B71F-18624040509B}.Release|Any CPU.ActiveCfg = Release|Any CPU
		{62696BD7-B05D-4B2E-B71F-18624040509B}.Release|Any CPU.Build.0 = Release|Any CPU
		{A3ACA33D-6226-7668-2993-2FC9EA8C783B}.Debug|Any CPU.ActiveCfg = Debug|Any CPU
		{A3ACA33D-6226-7668-2993-2FC9EA8C783B}.Debug|Any CPU.Build.0 = Debug|Any CPU
		{A3ACA33D-6226-7668-2993-2FC9EA8C783B}.Release|Any CPU.ActiveCfg = Release|Any CPU
		{A3ACA33D-6226-7668-2993-2FC9EA8C783B}.Release|Any CPU.Build.0 = Release|Any CPU
		{686ED6B4-7854-48A3-9078-63187D0B8601}.Debug|Any CPU.ActiveCfg = Debug|Any CPU
		{686ED6B4-7854-48A3-9078-63187D0B8601}.Debug|Any CPU.Build.0 = Debug|Any CPU
		{686ED6B4-7854-48A3-9078-63187D0B8601}.Release|Any CPU.ActiveCfg = Release|Any CPU
		{686ED6B4-7854-48A3-9078-63187D0B8601}.Release|Any CPU.Build.0 = Release|Any CPU
		{B7A5B799-1650-49C3-9F61-BA5EB1C5991A}.Debug|Any CPU.ActiveCfg = Debug|Any CPU
		{B7A5B799-1650-49C3-9F61-BA5EB1C5991A}.Debug|Any CPU.Build.0 = Debug|Any CPU
		{B7A5B799-1650-49C3-9F61-BA5EB1C5991A}.Release|Any CPU.ActiveCfg = Release|Any CPU
		{B7A5B799-1650-49C3-9F61-BA5EB1C5991A}.Release|Any CPU.Build.0 = Release|Any CPU
		{794CF009-33FD-4F83-B2B6-D8416F1DB364}.Debug|Any CPU.ActiveCfg = Debug|Any CPU
		{794CF009-33FD-4F83-B2B6-D8416F1DB364}.Debug|Any CPU.Build.0 = Debug|Any CPU
		{794CF009-33FD-4F83-B2B6-D8416F1DB364}.Release|Any CPU.ActiveCfg = Release|Any CPU
		{794CF009-33FD-4F83-B2B6-D8416F1DB364}.Release|Any CPU.Build.0 = Release|Any CPU
		{7FB19671-5C2E-4D51-ACEF-199F6CA220D2}.Debug|Any CPU.ActiveCfg = Debug|Any CPU
		{7FB19671-5C2E-4D51-ACEF-199F6CA220D2}.Debug|Any CPU.Build.0 = Debug|Any CPU
		{7FB19671-5C2E-4D51-ACEF-199F6CA220D2}.Release|Any CPU.ActiveCfg = Release|Any CPU
		{7FB19671-5C2E-4D51-ACEF-199F6CA220D2}.Release|Any CPU.Build.0 = Release|Any CPU
		{766DC129-B7E6-6BE5-67FF-02794A6C9D6A}.Debug|Any CPU.ActiveCfg = Debug|Any CPU
		{766DC129-B7E6-6BE5-67FF-02794A6C9D6A}.Debug|Any CPU.Build.0 = Debug|Any CPU
		{766DC129-B7E6-6BE5-67FF-02794A6C9D6A}.Release|Any CPU.ActiveCfg = Release|Any CPU
		{766DC129-B7E6-6BE5-67FF-02794A6C9D6A}.Release|Any CPU.Build.0 = Release|Any CPU
		{D1F7698F-3936-4ED7-AC1C-2C779625B867}.Debug|Any CPU.ActiveCfg = Debug|Any CPU
		{D1F7698F-3936-4ED7-AC1C-2C779625B867}.Debug|Any CPU.Build.0 = Debug|Any CPU
		{D1F7698F-3936-4ED7-AC1C-2C779625B867}.Release|Any CPU.ActiveCfg = Release|Any CPU
		{D1F7698F-3936-4ED7-AC1C-2C779625B867}.Release|Any CPU.Build.0 = Release|Any CPU
		{8758FBDB-9295-0DA5-31B6-DA01667F06FB}.Debug|Any CPU.ActiveCfg = Debug|Any CPU
		{8758FBDB-9295-0DA5-31B6-DA01667F06FB}.Debug|Any CPU.Build.0 = Debug|Any CPU
		{8758FBDB-9295-0DA5-31B6-DA01667F06FB}.Release|Any CPU.ActiveCfg = Release|Any CPU
		{8758FBDB-9295-0DA5-31B6-DA01667F06FB}.Release|Any CPU.Build.0 = Release|Any CPU
		{A498685E-2DFE-47DF-88B5-6E189B476BE0}.Debug|Any CPU.ActiveCfg = Debug|Any CPU
		{A498685E-2DFE-47DF-88B5-6E189B476BE0}.Debug|Any CPU.Build.0 = Debug|Any CPU
		{A498685E-2DFE-47DF-88B5-6E189B476BE0}.Release|Any CPU.ActiveCfg = Release|Any CPU
		{A498685E-2DFE-47DF-88B5-6E189B476BE0}.Release|Any CPU.Build.0 = Release|Any CPU
		{EC7A65CF-B549-4BD9-B76D-EFB94789D62D}.Debug|Any CPU.ActiveCfg = Debug|Any CPU
		{EC7A65CF-B549-4BD9-B76D-EFB94789D62D}.Debug|Any CPU.Build.0 = Debug|Any CPU
		{EC7A65CF-B549-4BD9-B76D-EFB94789D62D}.Release|Any CPU.ActiveCfg = Release|Any CPU
		{EC7A65CF-B549-4BD9-B76D-EFB94789D62D}.Release|Any CPU.Build.0 = Release|Any CPU
		{09D01F2D-A9C1-7ADF-ACF0-6CE8655624B3}.Debug|Any CPU.ActiveCfg = Debug|Any CPU
		{09D01F2D-A9C1-7ADF-ACF0-6CE8655624B3}.Debug|Any CPU.Build.0 = Debug|Any CPU
		{09D01F2D-A9C1-7ADF-ACF0-6CE8655624B3}.Release|Any CPU.ActiveCfg = Release|Any CPU
		{09D01F2D-A9C1-7ADF-ACF0-6CE8655624B3}.Release|Any CPU.Build.0 = Release|Any CPU
		{B8441293-5D7D-B752-6216-4C5005BF772D}.Debug|Any CPU.ActiveCfg = Debug|Any CPU
		{B8441293-5D7D-B752-6216-4C5005BF772D}.Debug|Any CPU.Build.0 = Debug|Any CPU
		{B8441293-5D7D-B752-6216-4C5005BF772D}.Release|Any CPU.ActiveCfg = Release|Any CPU
		{B8441293-5D7D-B752-6216-4C5005BF772D}.Release|Any CPU.Build.0 = Release|Any CPU
		{D7F347E4-C87C-CC1A-89F8-6D28A7CCB4B3}.Debug|Any CPU.ActiveCfg = Debug|Any CPU
		{D7F347E4-C87C-CC1A-89F8-6D28A7CCB4B3}.Debug|Any CPU.Build.0 = Debug|Any CPU
		{D7F347E4-C87C-CC1A-89F8-6D28A7CCB4B3}.Release|Any CPU.ActiveCfg = Release|Any CPU
		{D7F347E4-C87C-CC1A-89F8-6D28A7CCB4B3}.Release|Any CPU.Build.0 = Release|Any CPU
		{538D1FD4-FF4A-45F3-B9F0-80E9853EF0E3}.Debug|Any CPU.ActiveCfg = Debug|Any CPU
		{538D1FD4-FF4A-45F3-B9F0-80E9853EF0E3}.Debug|Any CPU.Build.0 = Debug|Any CPU
		{538D1FD4-FF4A-45F3-B9F0-80E9853EF0E3}.Release|Any CPU.ActiveCfg = Release|Any CPU
		{538D1FD4-FF4A-45F3-B9F0-80E9853EF0E3}.Release|Any CPU.Build.0 = Release|Any CPU
		{8052399B-3EE8-4BEB-A133-34F15BABAF3D}.Debug|Any CPU.ActiveCfg = Debug|Any CPU
		{8052399B-3EE8-4BEB-A133-34F15BABAF3D}.Debug|Any CPU.Build.0 = Debug|Any CPU
		{8052399B-3EE8-4BEB-A133-34F15BABAF3D}.Release|Any CPU.ActiveCfg = Release|Any CPU
		{8052399B-3EE8-4BEB-A133-34F15BABAF3D}.Release|Any CPU.Build.0 = Release|Any CPU
		{5F385CB2-0C05-4AE0-9B8A-FE546EDE95A0}.Debug|Any CPU.ActiveCfg = Debug|Any CPU
		{5F385CB2-0C05-4AE0-9B8A-FE546EDE95A0}.Debug|Any CPU.Build.0 = Debug|Any CPU
		{5F385CB2-0C05-4AE0-9B8A-FE546EDE95A0}.Release|Any CPU.ActiveCfg = Release|Any CPU
		{5F385CB2-0C05-4AE0-9B8A-FE546EDE95A0}.Release|Any CPU.Build.0 = Release|Any CPU
		{8A2F5165-A62B-492C-B31D-B10EE36003B0}.Debug|Any CPU.ActiveCfg = Debug|Any CPU
		{8A2F5165-A62B-492C-B31D-B10EE36003B0}.Debug|Any CPU.Build.0 = Debug|Any CPU
		{8A2F5165-A62B-492C-B31D-B10EE36003B0}.Release|Any CPU.ActiveCfg = Release|Any CPU
		{8A2F5165-A62B-492C-B31D-B10EE36003B0}.Release|Any CPU.Build.0 = Release|Any CPU
	EndGlobalSection
	GlobalSection(SolutionProperties) = preSolution
		HideSolutionNode = FALSE
	EndGlobalSection
	GlobalSection(NestedProjects) = preSolution
		{63847CBF-7476-4C99-B9EA-86D283958B81} = {DDB4EF12-CC4E-5E88-E6FC-71A802F4DE97}
		{EB11C1AF-3BBE-9D8B-B13B-CEF382F22312} = {DDB4EF12-CC4E-5E88-E6FC-71A802F4DE97}
		{D0F00D84-AD20-C5D6-67FE-85D6CB59A7CE} = {DDB4EF12-CC4E-5E88-E6FC-71A802F4DE97}
		{D830F782-12C5-4C4D-9E63-9C88A69275EC} = {3F204DCB-DE19-47B9-8C77-4C46B42D8AAC}
		{EB8B5655-9F86-41FA-91EF-75D1D1C080D8} = {D830F782-12C5-4C4D-9E63-9C88A69275EC}
		{4AAC88BC-9A55-491A-9271-500A09231B8F} = {D2FA0BFA-5BB2-4DB9-9AFF-97A70D5A900E}
		{236C29DB-FF10-45EF-9849-9D703633413E} = {4AAC88BC-9A55-491A-9271-500A09231B8F}
		{E93C31BD-A561-4E65-9060-4ED1B7AAF23E} = {3F204DCB-DE19-47B9-8C77-4C46B42D8AAC}
		{DCF1FBC5-7BF6-40B9-857A-ECD52A335FC9} = {E93C31BD-A561-4E65-9060-4ED1B7AAF23E}
		{7094D8A8-C6A7-4C12-B565-D3476D654F13} = {3F204DCB-DE19-47B9-8C77-4C46B42D8AAC}
		{1244F636-AD14-4167-8B57-E71D0CC6E6D2} = {7094D8A8-C6A7-4C12-B565-D3476D654F13}
		{76859EC7-4832-4C17-9CA4-E7DD1C9230C3} = {7094D8A8-C6A7-4C12-B565-D3476D654F13}
		{DE1198DD-FB18-4D4E-B811-033D8BDD74F2} = {10B6E12B-C915-4111-9695-105540A0BD3B}
		{31B9868B-9BA5-4511-88AE-A2DAB2FC217D} = {DE1198DD-FB18-4D4E-B811-033D8BDD74F2}
		{A971867D-1938-4753-9A74-C6E6FCAA4463} = {10B6E12B-C915-4111-9695-105540A0BD3B}
		{AFFF67E9-7AD0-9E21-612E-3E7843A6226A} = {A971867D-1938-4753-9A74-C6E6FCAA4463}
		{593D473D-6DC2-66C1-6204-0F54E4617145} = {DE1198DD-FB18-4D4E-B811-033D8BDD74F2}
		{9661600F-9E2E-EC39-AFA2-64DBC15CE967} = {A971867D-1938-4753-9A74-C6E6FCAA4463}
		{982C02A7-0A7E-4700-95F0-1E9ECDD991C4} = {D2FA0BFA-5BB2-4DB9-9AFF-97A70D5A900E}
		{16DEF846-6B44-4514-BB79-E1B3C32F4BB4} = {982C02A7-0A7E-4700-95F0-1E9ECDD991C4}
		{78844BA1-F38D-42AB-BA4B-FB32B280B815} = {D2FA0BFA-5BB2-4DB9-9AFF-97A70D5A900E}
		{2E7C2609-D5A7-46D1-92AA-2D9C78B87025} = {78844BA1-F38D-42AB-BA4B-FB32B280B815}
		{A6397A64-9AEA-C976-C282-F05046F2AA1C} = {78844BA1-F38D-42AB-BA4B-FB32B280B815}
		{BFC0A91A-0200-4149-A5F0-F25D901D6A72} = {95512C2A-2A33-477D-8810-358FA076A72F}
		{185F8BEF-1B85-4685-8B7D-DB7C935F0707} = {BFC0A91A-0200-4149-A5F0-F25D901D6A72}
		{09B713FF-13FE-4B8B-A792-8922D1C53AB5} = {95512C2A-2A33-477D-8810-358FA076A72F}
		{03FCE5A3-E706-4F9F-A64C-7CE9A458B0B3} = {09B713FF-13FE-4B8B-A792-8922D1C53AB5}
		{16446A14-2973-4182-B594-9BF5910CE279} = {95512C2A-2A33-477D-8810-358FA076A72F}
		{62696BD7-B05D-4B2E-B71F-18624040509B} = {16446A14-2973-4182-B594-9BF5910CE279}
		{A3ACA33D-6226-7668-2993-2FC9EA8C783B} = {16446A14-2973-4182-B594-9BF5910CE279}
		{686ED6B4-7854-48A3-9078-63187D0B8601} = {16446A14-2973-4182-B594-9BF5910CE279}
		{3CD015BF-9389-4C99-8595-5FD38E5011E6} = {AE0C2D91-94B5-4D19-84C8-FB4701A12A55}
		{B7A5B799-1650-49C3-9F61-BA5EB1C5991A} = {3CD015BF-9389-4C99-8595-5FD38E5011E6}
		{9239EC4B-DBF8-4F7A-980B-C85DD8D644EA} = {AE0C2D91-94B5-4D19-84C8-FB4701A12A55}
		{794CF009-33FD-4F83-B2B6-D8416F1DB364} = {9239EC4B-DBF8-4F7A-980B-C85DD8D644EA}
		{7FB19671-5C2E-4D51-ACEF-199F6CA220D2} = {9239EC4B-DBF8-4F7A-980B-C85DD8D644EA}
		{766DC129-B7E6-6BE5-67FF-02794A6C9D6A} = {9239EC4B-DBF8-4F7A-980B-C85DD8D644EA}
		{4E44E975-95B6-4B51-A5C1-1358BCB78163} = {AE0C2D91-94B5-4D19-84C8-FB4701A12A55}
		{D1F7698F-3936-4ED7-AC1C-2C779625B867} = {4E44E975-95B6-4B51-A5C1-1358BCB78163}
		{8758FBDB-9295-0DA5-31B6-DA01667F06FB} = {9239EC4B-DBF8-4F7A-980B-C85DD8D644EA}
		{3DBB2C92-0F85-4C67-85FB-1510934655DD} = {F4EFCF61-9DEF-4F42-9368-5FAB95A8FDF0}
		{A498685E-2DFE-47DF-88B5-6E189B476BE0} = {F4EFCF61-9DEF-4F42-9368-5FAB95A8FDF0}
		{EC7A65CF-B549-4BD9-B76D-EFB94789D62D} = {3DBB2C92-0F85-4C67-85FB-1510934655DD}
		{09D01F2D-A9C1-7ADF-ACF0-6CE8655624B3} = {3DBB2C92-0F85-4C67-85FB-1510934655DD}
		{B8441293-5D7D-B752-6216-4C5005BF772D} = {12ACE20D-A815-4E25-8DF6-2AC0611D4E25}
		{D7F347E4-C87C-CC1A-89F8-6D28A7CCB4B3} = {12ACE20D-A815-4E25-8DF6-2AC0611D4E25}
		{538D1FD4-FF4A-45F3-B9F0-80E9853EF0E3} = {F1C035EB-A255-4CA4-AF3E-D5182735717B}
		{8052399B-3EE8-4BEB-A133-34F15BABAF3D} = {F1C035EB-A255-4CA4-AF3E-D5182735717B}
		{5F385CB2-0C05-4AE0-9B8A-FE546EDE95A0} = {F1C035EB-A255-4CA4-AF3E-D5182735717B}
		{4F888FDD-5E38-4174-A496-79088625231A} = {F1C035EB-A255-4CA4-AF3E-D5182735717B}
		{8A2F5165-A62B-492C-B31D-B10EE36003B0} = {4F888FDD-5E38-4174-A496-79088625231A}
	EndGlobalSection
	GlobalSection(ExtensibilityGlobals) = postSolution
		SolutionGuid = {BF1BE91A-04B5-431A-B4FD-A8F2ADAC5359}
	EndGlobalSection
EndGlobal
