
Microsoft Visual Studio Solution File, Format Version 12.00
# Visual Studio Version 17
VisualStudioVersion = 17.14.36623.8 d17.14
MinimumVisualStudioVersion = 10.0.40219.1
Project("{FAE04EC0-301F-11D3-BF4B-00C04F79EFBC}") = "Sample0413", "Sample0413\Sample0413.csproj", "{D8735F0D-3A57-447E-937C-0BD337A8B221}"
EndProject
Global
	GlobalSection(SolutionConfigurationPlatforms) = preSolution
		Debug|Any CPU = Debug|Any CPU
		Release|Any CPU = Release|Any CPU
	EndGlobalSection
	GlobalSection(ProjectConfigurationPlatforms) = postSolution
		{D8735F0D-3A57-447E-937C-0BD337A8B221}.Debug|Any CPU.ActiveCfg = Debug|Any CPU
		{D8735F0D-3A57-447E-937C-0BD337A8B221}.Debug|Any CPU.Build.0 = Debug|Any CPU
		{D8735F0D-3A57-447E-937C-0BD337A8B221}.Release|Any CPU.ActiveCfg = Release|Any CPU
		{D8735F0D-3A57-447E-937C-0BD337A8B221}.Release|Any CPU.Build.0 = Release|Any CPU
	EndGlobalSection
	GlobalSection(SolutionProperties) = preSolution
		HideSolutionNode = FALSE
	EndGlobalSection
	GlobalSection(ExtensibilityGlobals) = postSolution
		SolutionGuid = {EE5818F6-9001-4600-BB18-D93CCF97FD51}
	EndGlobalSection
EndGlobal
